
Microsoft Visual Studio Solution File, Format Version 12.00
# Visual Studio Version 17
VisualStudioVersion = 17.10.35013.160
MinimumVisualStudioVersion = 10.0.40219.1
Project("{FAE04EC0-301F-11D3-BF4B-00C04F79EFBC}") = "vs-2022-new-gitHub-experiance", "vs-2022-new-gitHub-experiance\vs-2022-new-gitHub-experiance.csproj", "{D838F4D8-A2A7-499E-B82E-7F439DADEFAC}"
EndProject
Global
	GlobalSection(SolutionConfigurationPlatforms) = preSolution
		Debug|Any CPU = Debug|Any CPU
		Release|Any CPU = Release|Any CPU
	EndGlobalSection
	GlobalSection(ProjectConfigurationPlatforms) = postSolution
		{D838F4D8-A2A7-499E-B82E-7F439DADEFAC}.Debug|Any CPU.ActiveCfg = Debug|Any CPU
		{D838F4D8-A2A7-499E-B82E-7F439DADEFAC}.Debug|Any CPU.Build.0 = Debug|Any CPU
		{D838F4D8-A2A7-499E-B82E-7F439DADEFAC}.Release|Any CPU.ActiveCfg = Release|Any CPU
		{D838F4D8-A2A7-499E-B82E-7F439DADEFAC}.Release|Any CPU.Build.0 = Release|Any CPU
	EndGlobalSection
	GlobalSection(SolutionProperties) = preSolution
		HideSolutionNode = FALSE
	EndGlobalSection
	GlobalSection(ExtensibilityGlobals) = postSolution
		SolutionGuid = {D4D28822-07AB-4ACA-8FC6-60E352C0901E}
	EndGlobalSection
EndGlobal
